PODS:
  - date_plugin_macos (0.0.1):
    - FlutterMacOS
  - FlutterMacOS (1.0.0)

DEPENDENCIES:
  - date_plugin_macos (from `Flutter/ephemeral/.symlinks/plugins/date_plugin_macos/macos`)
  - FlutterMacOS (from `Flutter/ephemeral`)

EXTERNAL SOURCES:
  date_plugin_macos:
    :path: Flutter/ephemeral/.symlinks/plugins/date_plugin_macos/macos
  FlutterMacOS:
    :path: Flutter/ephemeral

SPEC CHECKSUMS:
  date_plugin_macos: d34951584a3bbbf6026713b2ff46f6f56c6397f2
  FlutterMacOS: 8f6f14fa908a6fb3fba0cd85dbd81ec4b251fb24

PODFILE CHECKSUM: 236401fc2c932af29a9fcf0e97baeeb2d750d367

COCOAPODS: 1.15.2
