PODS:
  - date_plugin_macos (0.0.1):
    - FlutterMacOS
  - FlutterMacOS (1.0.0)

DEPENDENCIES:
  - date_plugin_macos (from `Flutter/ephemeral/.symlinks/plugins/date_plugin_macos/macos`)
  - FlutterMacOS (from `Flutter/ephemeral`)

EXTERNAL SOURCES:
  date_plugin_macos:
    :path: Flutter/ephemeral/.symlinks/plugins/date_plugin_macos/macos
  FlutterMacOS:
    :path: Flutter/ephemeral

SPEC CHECKSUMS:
  date_plugin_macos: 569d5da1893b40adaca27dd67b3496ff5688dfe8
  FlutterMacOS: c232990155153907050900a2e175c7773903ba4e

PODFILE CHECKSUM: f0c21717cb7ee9112f915044c74bfceb5b12e02a

COCOAPODS: 1.16.2
